
Microsoft Visual Studio Solution File, Format Version 12.00
# Visual Studio Version 16
VisualStudioVersion = 16.0.30128.74
MinimumVisualStudioVersion = 10.0.40219.1
Project("{FAE04EC0-301F-11D3-BF4B-00C04F79EFBC}") = "00009647-seminar3-", "00009647-seminar3-\00009647-seminar3-.csproj", "{EB2304AA-189D-4AF4-BC55-78AF07E7E9DC}"
EndProject
Global
	GlobalSection(SolutionConfigurationPlatforms) = preSolution
		Debug|Any CPU = Debug|Any CPU
		Release|Any CPU = Release|Any CPU
	EndGlobalSection
	GlobalSection(ProjectConfigurationPlatforms) = postSolution
		{EB2304AA-189D-4AF4-BC55-78AF07E7E9DC}.Debug|Any CPU.ActiveCfg = Debug|Any CPU
		{EB2304AA-189D-4AF4-BC55-78AF07E7E9DC}.Debug|Any CPU.Build.0 = Debug|Any CPU
		{EB2304AA-189D-4AF4-BC55-78AF07E7E9DC}.Release|Any CPU.ActiveCfg = Release|Any CPU
		{EB2304AA-189D-4AF4-BC55-78AF07E7E9DC}.Release|Any CPU.Build.0 = Release|Any CPU
	EndGlobalSection
	GlobalSection(SolutionProperties) = preSolution
		HideSolutionNode = FALSE
	EndGlobalSection
	GlobalSection(ExtensibilityGlobals) = postSolution
		SolutionGuid = {6DA7A7A6-2D7C-4B01-886C-6E0FE28DD52B}
	EndGlobalSection
EndGlobal
